// !$*UTF8*$!
{
	archiveVersion = 1;
	classes = {
	};
	objectVersion = 46;
	objects = {

/* Begin PBXBuildFile section */
		6D7108C11ED80EAB00FA0568 /* IQNSArray+Sort.swift in Sources */ = {isa = PBXBuildFile; fileRef = 6D7108AC1ED80EAB00FA0568 /* IQNSArray+Sort.swift */; };
		6D7108C21ED80EAB00FA0568 /* IQUIScrollView+Additions.swift in Sources */ = {isa = PBXBuildFile; fileRef = 6D7108AD1ED80EAB00FA0568 /* IQUIScrollView+Additions.swift */; };
		6D7108C31ED80EAB00FA0568 /* IQUITextFieldView+Additions.swift in Sources */ = {isa = PBXBuildFile; fileRef = 6D7108AE1ED80EAB00FA0568 /* IQUITextFieldView+Additions.swift */; };
		6D7108C41ED80EAB00FA0568 /* IQUIView+Hierarchy.swift in Sources */ = {isa = PBXBuildFile; fileRef = 6D7108AF1ED80EAB00FA0568 /* IQUIView+Hierarchy.swift */; };
		6D7108C51ED80EAB00FA0568 /* IQUIViewController+Additions.swift in Sources */ = {isa = PBXBuildFile; fileRef = 6D7108B01ED80EAB00FA0568 /* IQUIViewController+Additions.swift */; };
		6D7108C61ED80EAB00FA0568 /* IQUIWindow+Hierarchy.swift in Sources */ = {isa = PBXBuildFile; fileRef = 6D7108B11ED80EAB00FA0568 /* IQUIWindow+Hierarchy.swift */; };
		6D7108C71ED80EAB00FA0568 /* IQKeyboardManagerConstants.swift in Sources */ = {isa = PBXBuildFile; fileRef = 6D7108B31ED80EAB00FA0568 /* IQKeyboardManagerConstants.swift */; };
		6D7108C81ED80EAB00FA0568 /* IQKeyboardManagerConstantsInternal.swift in Sources */ = {isa = PBXBuildFile; fileRef = 6D7108B41ED80EAB00FA0568 /* IQKeyboardManagerConstantsInternal.swift */; };
		6D7108C91ED80EAB00FA0568 /* IQKeyboardManager.swift in Sources */ = {isa = PBXBuildFile; fileRef = 6D7108B51ED80EAB00FA0568 /* IQKeyboardManager.swift */; };
		6D7108CA1ED80EAB00FA0568 /* IQKeyboardReturnKeyHandler.swift in Sources */ = {isa = PBXBuildFile; fileRef = 6D7108B61ED80EAB00FA0568 /* IQKeyboardReturnKeyHandler.swift */; };
		6D7108CB1ED80EAB00FA0568 /* IQTextView.swift in Sources */ = {isa = PBXBuildFile; fileRef = 6D7108B81ED80EAB00FA0568 /* IQTextView.swift */; };
		6D7108CC1ED80EAB00FA0568 /* IQBarButtonItem.swift in Sources */ = {isa = PBXBuildFile; fileRef = 6D7108BA1ED80EAB00FA0568 /* IQBarButtonItem.swift */; };
		6D7108CD1ED80EAB00FA0568 /* IQPreviousNextView.swift in Sources */ = {isa = PBXBuildFile; fileRef = 6D7108BB1ED80EAB00FA0568 /* IQPreviousNextView.swift */; };
		6D7108CE1ED80EAB00FA0568 /* IQTitleBarButtonItem.swift in Sources */ = {isa = PBXBuildFile; fileRef = 6D7108BC1ED80EAB00FA0568 /* IQTitleBarButtonItem.swift */; };
		6D7108CF1ED80EAB00FA0568 /* IQToolbar.swift in Sources */ = {isa = PBXBuildFile; fileRef = 6D7108BD1ED80EAB00FA0568 /* IQToolbar.swift */; };
		6D7108D01ED80EAB00FA0568 /* IQUIView+IQKeyboardToolbar.swift in Sources */ = {isa = PBXBuildFile; fileRef = 6D7108BE1ED80EAB00FA0568 /* IQUIView+IQKeyboardToolbar.swift */; };
		6D7108D11ED80EAB00FA0568 /* IQKeyboardManager.bundle in Resources */ = {isa = PBXBuildFile; fileRef = 6D7108C01ED80EAB00FA0568 /* IQKeyboardManager.bundle */; };
		6D96C3A81ED8099C003CD4EB /* JKUnit.h in Headers */ = {isa = PBXBuildFile; fileRef = 6D96C3A61ED8099C003CD4EB /* JKUnit.h */; settings = {ATTRIBUTES = (Public, ); }; };
		6DD463821ED8182C00192E0A /* BaseTableViewCell.swift in Sources */ = {isa = PBXBuildFile; fileRef = 6DD463811ED8182C00192E0A /* BaseTableViewCell.swift */; };
		6DD463841ED8185C00192E0A /* BaseViewController.swift in Sources */ = {isa = PBXBuildFile; fileRef = 6DD463831ED8185C00192E0A /* BaseViewController.swift */; };
		6DD463861ED8187500192E0A /* BaseUIView.swift in Sources */ = {isa = PBXBuildFile; fileRef = 6DD463851ED8187500192E0A /* BaseUIView.swift */; };
		6DD463891ED818AC00192E0A /* BaseNaivigationController.swift in Sources */ = {isa = PBXBuildFile; fileRef = 6DD463881ED818AC00192E0A /* BaseNaivigationController.swift */; };
		6DD4638D1ED8197700192E0A /* Log.swift in Sources */ = {isa = PBXBuildFile; fileRef = 6DD4638C1ED8197700192E0A /* Log.swift */; };
		6DD4638F1ED81D8D00192E0A /* Tools.swift in Sources */ = {isa = PBXBuildFile; fileRef = 6DD4638E1ED81D8D00192E0A /* Tools.swift */; };
/* End PBXBuildFile section */

/* Begin PBXFileReference section */
		6D7108AC1ED80EAB00FA0568 /* IQNSArray+Sort.swift */ = {isa = PBXFileReference; fileEncoding = 4; lastKnownFileType = sourcecode.swift; path = "IQNSArray+Sort.swift"; sourceTree = "<group>"; };
		6D7108AD1ED80EAB00FA0568 /* IQUIScrollView+Additions.swift */ = {isa = PBXFileReference; fileEncoding = 4; lastKnownFileType = sourcecode.swift; path = "IQUIScrollView+Additions.swift"; sourceTree = "<group>"; };
		6D7108AE1ED80EAB00FA0568 /* IQUITextFieldView+Additions.swift */ = {isa = PBXFileReference; fileEncoding = 4; lastKnownFileType = sourcecode.swift; path = "IQUITextFieldView+Additions.swift"; sourceTree = "<group>"; };
		6D7108AF1ED80EAB00FA0568 /* IQUIView+Hierarchy.swift */ = {isa = PBXFileReference; fileEncoding = 4; lastKnownFileType = sourcecode.swift; path = "IQUIView+Hierarchy.swift"; sourceTree = "<group>"; };
		6D7108B01ED80EAB00FA0568 /* IQUIViewController+Additions.swift */ = {isa = PBXFileReference; fileEncoding = 4; lastKnownFileType = sourcecode.swift; path = "IQUIViewController+Additions.swift"; sourceTree = "<group>"; };
		6D7108B11ED80EAB00FA0568 /* IQUIWindow+Hierarchy.swift */ = {isa = PBXFileReference; fileEncoding = 4; lastKnownFileType = sourcecode.swift; path = "IQUIWindow+Hierarchy.swift"; sourceTree = "<group>"; };
		6D7108B31ED80EAB00FA0568 /* IQKeyboardManagerConstants.swift */ = {isa = PBXFileReference; fileEncoding = 4; lastKnownFileType = sourcecode.swift; path = IQKeyboardManagerConstants.swift; sourceTree = "<group>"; };
		6D7108B41ED80EAB00FA0568 /* IQKeyboardManagerConstantsInternal.swift */ = {isa = PBXFileReference; fileEncoding = 4; lastKnownFileType = sourcecode.swift; path = IQKeyboardManagerConstantsInternal.swift; sourceTree = "<group>"; };
		6D7108B51ED80EAB00FA0568 /* IQKeyboardManager.swift */ = {isa = PBXFileReference; fileEncoding = 4; lastKnownFileType = sourcecode.swift; path = IQKeyboardManager.swift; sourceTree = "<group>"; };
		6D7108B61ED80EAB00FA0568 /* IQKeyboardReturnKeyHandler.swift */ = {isa = PBXFileReference; fileEncoding = 4; lastKnownFileType = sourcecode.swift; path = IQKeyboardReturnKeyHandler.swift; sourceTree = "<group>"; };
		6D7108B81ED80EAB00FA0568 /* IQTextView.swift */ = {isa = PBXFileReference; fileEncoding = 4; lastKnownFileType = sourcecode.swift; path = IQTextView.swift; sourceTree = "<group>"; };
		6D7108BA1ED80EAB00FA0568 /* IQBarButtonItem.swift */ = {isa = PBXFileReference; fileEncoding = 4; lastKnownFileType = sourcecode.swift; path = IQBarButtonItem.swift; sourceTree = "<group>"; };
		6D7108BB1ED80EAB00FA0568 /* IQPreviousNextView.swift */ = {isa = PBXFileReference; fileEncoding = 4; lastKnownFileType = sourcecode.swift; path = IQPreviousNextView.swift; sourceTree = "<group>"; };
		6D7108BC1ED80EAB00FA0568 /* IQTitleBarButtonItem.swift */ = {isa = PBXFileReference; fileEncoding = 4; lastKnownFileType = sourcecode.swift; path = IQTitleBarButtonItem.swift; sourceTree = "<group>"; };
		6D7108BD1ED80EAB00FA0568 /* IQToolbar.swift */ = {isa = PBXFileReference; fileEncoding = 4; lastKnownFileType = sourcecode.swift; path = IQToolbar.swift; sourceTree = "<group>"; };
		6D7108BE1ED80EAB00FA0568 /* IQUIView+IQKeyboardToolbar.swift */ = {isa = PBXFileReference; fileEncoding = 4; lastKnownFileType = sourcecode.swift; path = "IQUIView+IQKeyboardToolbar.swift"; sourceTree = "<group>"; };
		6D7108C01ED80EAB00FA0568 /* IQKeyboardManager.bundle */ = {isa = PBXFileReference; lastKnownFileType = "wrapper.plug-in"; path = IQKeyboardManager.bundle; sourceTree = "<group>"; };
		6D96C3A31ED8099C003CD4EB /* JKUnit.framework */ = {isa = PBXFileReference; explicitFileType = wrapper.framework; includeInIndex = 0; path = JKUnit.framework; sourceTree = BUILT_PRODUCTS_DIR; };
		6D96C3A61ED8099C003CD4EB /* JKUnit.h */ = {isa = PBXFileReference; lastKnownFileType = sourcecode.c.h; path = JKUnit.h; sourceTree = "<group>"; };
		6D96C3A71ED8099C003CD4EB /* Info.plist */ = {isa = PBXFileReference; lastKnownFileType = text.plist.xml; path = Info.plist; sourceTree = "<group>"; };
		6DD463811ED8182C00192E0A /* BaseTableViewCell.swift */ = {isa = PBXFileReference; fileEncoding = 4; lastKnownFileType = sourcecode.swift; path = BaseTableViewCell.swift; sourceTree = "<group>"; };
		6DD463831ED8185C00192E0A /* BaseViewController.swift */ = {isa = PBXFileReference; fileEncoding = 4; lastKnownFileType = sourcecode.swift; path = BaseViewController.swift; sourceTree = "<group>"; };
		6DD463851ED8187500192E0A /* BaseUIView.swift */ = {isa = PBXFileReference; fileEncoding = 4; lastKnownFileType = sourcecode.swift; path = BaseUIView.swift; sourceTree = "<group>"; };
		6DD463881ED818AC00192E0A /* BaseNaivigationController.swift */ = {isa = PBXFileReference; fileEncoding = 4; lastKnownFileType = sourcecode.swift; path = BaseNaivigationController.swift; sourceTree = "<group>"; };
		6DD4638C1ED8197700192E0A /* Log.swift */ = {isa = PBXFileReference; fileEncoding = 4; lastKnownFileType = sourcecode.swift; path = Log.swift; sourceTree = "<group>"; };
		6DD4638E1ED81D8D00192E0A /* Tools.swift */ = {isa = PBXFileReference; fileEncoding = 4; lastKnownFileType = sourcecode.swift; path = Tools.swift; sourceTree = "<group>"; };
/* End PBXFileReference section */

/* Begin PBXFrameworksBuildPhase section */
		6D96C39F1ED8099C003CD4EB /* Frameworks */ = {
			isa = PBXFrameworksBuildPhase;
			buildActionMask = 2147483647;
			files = (
			);
			runOnlyForDeploymentPostprocessing = 0;
		};
/* End PBXFrameworksBuildPhase section */

/* Begin PBXGroup section */
		6D7108A91ED80E9000FA0568 /* 第三方 */ = {
			isa = PBXGroup;
			children = (
				6D7108AA1ED80EAB00FA0568 /* IQKeyboardManagerSwift */,
			);
			name = "第三方";
			sourceTree = "<group>";
		};
		6D7108AA1ED80EAB00FA0568 /* IQKeyboardManagerSwift */ = {
			isa = PBXGroup;
			children = (
				6D7108AB1ED80EAB00FA0568 /* Categories */,
				6D7108B21ED80EAB00FA0568 /* Constants */,
				6D7108B51ED80EAB00FA0568 /* IQKeyboardManager.swift */,
				6D7108B61ED80EAB00FA0568 /* IQKeyboardReturnKeyHandler.swift */,
				6D7108B71ED80EAB00FA0568 /* IQTextView */,
				6D7108B91ED80EAB00FA0568 /* IQToolbar */,
				6D7108BF1ED80EAB00FA0568 /* Resources */,
			);
			path = IQKeyboardManagerSwift;
			sourceTree = "<group>";
		};
		6D7108AB1ED80EAB00FA0568 /* Categories */ = {
			isa = PBXGroup;
			children = (
				6D7108AC1ED80EAB00FA0568 /* IQNSArray+Sort.swift */,
				6D7108AD1ED80EAB00FA0568 /* IQUIScrollView+Additions.swift */,
				6D7108AE1ED80EAB00FA0568 /* IQUITextFieldView+Additions.swift */,
				6D7108AF1ED80EAB00FA0568 /* IQUIView+Hierarchy.swift */,
				6D7108B01ED80EAB00FA0568 /* IQUIViewController+Additions.swift */,
				6D7108B11ED80EAB00FA0568 /* IQUIWindow+Hierarchy.swift */,
			);
			path = Categories;
			sourceTree = "<group>";
		};
		6D7108B21ED80EAB00FA0568 /* Constants */ = {
			isa = PBXGroup;
			children = (
				6D7108B31ED80EAB00FA0568 /* IQKeyboardManagerConstants.swift */,
				6D7108B41ED80EAB00FA0568 /* IQKeyboardManagerConstantsInternal.swift */,
			);
			path = Constants;
			sourceTree = "<group>";
		};
		6D7108B71ED80EAB00FA0568 /* IQTextView */ = {
			isa = PBXGroup;
			children = (
				6D7108B81ED80EAB00FA0568 /* IQTextView.swift */,
			);
			path = IQTextView;
			sourceTree = "<group>";
		};
		6D7108B91ED80EAB00FA0568 /* IQToolbar */ = {
			isa = PBXGroup;
			children = (
				6D7108BA1ED80EAB00FA0568 /* IQBarButtonItem.swift */,
				6D7108BB1ED80EAB00FA0568 /* IQPreviousNextView.swift */,
				6D7108BC1ED80EAB00FA0568 /* IQTitleBarButtonItem.swift */,
				6D7108BD1ED80EAB00FA0568 /* IQToolbar.swift */,
				6D7108BE1ED80EAB00FA0568 /* IQUIView+IQKeyboardToolbar.swift */,
			);
			path = IQToolbar;
			sourceTree = "<group>";
		};
		6D7108BF1ED80EAB00FA0568 /* Resources */ = {
			isa = PBXGroup;
			children = (
				6D7108C01ED80EAB00FA0568 /* IQKeyboardManager.bundle */,
			);
			path = Resources;
			sourceTree = "<group>";
		};
		6D96C3991ED8099C003CD4EB = {
			isa = PBXGroup;
			children = (
				6D96C3A51ED8099C003CD4EB /* JKUnit */,
				6D96C3CF1ED80D00003CD4EB /* Frameworks */,
				6D96C3A41ED8099C003CD4EB /* Products */,
			);
			sourceTree = "<group>";
		};
		6D96C3A41ED8099C003CD4EB /* Products */ = {
			isa = PBXGroup;
			children = (
				6D96C3A31ED8099C003CD4EB /* JKUnit.framework */,
			);
			name = Products;
			sourceTree = "<group>";
		};
		6D96C3A51ED8099C003CD4EB /* JKUnit */ = {
			isa = PBXGroup;
			children = (
				6DD463901ED81F1300192E0A /* OC */,
				6DD4638A1ED818B000192E0A /* 扩展类 */,
				6DD463801ED8180A00192E0A /* 基础类 */,
				6DD4637F1ED816DF00192E0A /* 自定义 */,
				6D7108A91ED80E9000FA0568 /* 第三方 */,
				6D96C3A61ED8099C003CD4EB /* JKUnit.h */,
				6D96C3A71ED8099C003CD4EB /* Info.plist */,
			);
			path = JKUnit;
			sourceTree = "<group>";
		};
		6D96C3CF1ED80D00003CD4EB /* Frameworks */ = {
			isa = PBXGroup;
			children = (
			);
			name = Frameworks;
			sourceTree = "<group>";
		};
		6DD4637F1ED816DF00192E0A /* 自定义 */ = {
			isa = PBXGroup;
			children = (
				6DD4638B1ED8194F00192E0A /* tools */,
			);
			name = "自定义";
			sourceTree = "<group>";
		};
		6DD463801ED8180A00192E0A /* 基础类 */ = {
			isa = PBXGroup;
			children = (
				6DD463811ED8182C00192E0A /* BaseTableViewCell.swift */,
				6DD463831ED8185C00192E0A /* BaseViewController.swift */,
				6DD463851ED8187500192E0A /* BaseUIView.swift */,
				6DD463881ED818AC00192E0A /* BaseNaivigationController.swift */,
			);
			name = "基础类";
			sourceTree = "<group>";
		};
		6DD4638A1ED818B000192E0A /* 扩展类 */ = {
			isa = PBXGroup;
			children = (
			);
			name = "扩展类";
			sourceTree = "<group>";
		};
		6DD4638B1ED8194F00192E0A /* tools */ = {
			isa = PBXGroup;
			children = (
				6DD4638C1ED8197700192E0A /* Log.swift */,
				6DD4638E1ED81D8D00192E0A /* Tools.swift */,
			);
			name = tools;
			sourceTree = "<group>";
		};
		6DD463901ED81F1300192E0A /* OC */ = {
			isa = PBXGroup;
			children = (
			);
			name = OC;
			sourceTree = "<group>";
		};
/* End PBXGroup section */

/* Begin PBXHeadersBuildPhase section */
		6D96C3A01ED8099C003CD4EB /* Headers */ = {
			isa = PBXHeadersBuildPhase;
			buildActionMask = 2147483647;
			files = (
				6D96C3A81ED8099C003CD4EB /* JKUnit.h in Headers */,
			);
			runOnlyForDeploymentPostprocessing = 0;
		};
/* End PBXHeadersBuildPhase section */

/* Begin PBXNativeTarget section */
		6D96C3A21ED8099C003CD4EB /* JKUnit */ = {
			isa = PBXNativeTarget;
			buildConfigurationList = 6D96C3AB1ED8099C003CD4EB /* Build configuration list for PBXNativeTarget "JKUnit" */;
			buildPhases = (
				6D96C39E1ED8099C003CD4EB /* Sources */,
				6D96C39F1ED8099C003CD4EB /* Frameworks */,
				6D96C3A01ED8099C003CD4EB /* Headers */,
				6D96C3A11ED8099C003CD4EB /* Resources */,
			);
			buildRules = (
			);
			dependencies = (
			);
			name = JKUnit;
			productName = JKUnit;
			productReference = 6D96C3A31ED8099C003CD4EB /* JKUnit.framework */;
			productType = "com.apple.product-type.framework";
		};
/* End PBXNativeTarget section */

/* Begin PBXProject section */
		6D96C39A1ED8099C003CD4EB /* Project object */ = {
			isa = PBXProject;
			attributes = {
				LastUpgradeCheck = 0830;
				ORGANIZATIONNAME = jackyshan;
				TargetAttributes = {
					6D96C3A21ED8099C003CD4EB = {
						CreatedOnToolsVersion = 8.3.2;
						LastSwiftMigration = 0830;
						ProvisioningStyle = Automatic;
					};
				};
			};
			buildConfigurationList = 6D96C39D1ED8099C003CD4EB /* Build configuration list for PBXProject "JKUnit" */;
			compatibilityVersion = "Xcode 3.2";
			developmentRegion = English;
			hasScannedForEncodings = 0;
			knownRegions = (
				en,
			);
			mainGroup = 6D96C3991ED8099C003CD4EB;
			productRefGroup = 6D96C3A41ED8099C003CD4EB /* Products */;
			projectDirPath = "";
			projectRoot = "";
			targets = (
				6D96C3A21ED8099C003CD4EB /* JKUnit */,
			);
		};
/* End PBXProject section */

/* Begin PBXResourcesBuildPhase section */
		6D96C3A11ED8099C003CD4EB /* Resources */ = {
			isa = PBXResourcesBuildPhase;
			buildActionMask = 2147483647;
			files = (
				6D7108D11ED80EAB00FA0568 /* IQKeyboardManager.bundle in Resources */,
			);
			runOnlyForDeploymentPostprocessing = 0;
		};
/* End PBXResourcesBuildPhase section */

/* Begin PBXSourcesBuildPhase section */
		6D96C39E1ED8099C003CD4EB /* Sources */ = {
			isa = PBXSourcesBuildPhase;
			buildActionMask = 2147483647;
			files = (
				6D7108C41ED80EAB00FA0568 /* IQUIView+Hierarchy.swift in Sources */,
				6D7108C71ED80EAB00FA0568 /* IQKeyboardManagerConstants.swift in Sources */,
				6D7108CD1ED80EAB00FA0568 /* IQPreviousNextView.swift in Sources */,
				6D7108C11ED80EAB00FA0568 /* IQNSArray+Sort.swift in Sources */,
				6D7108C81ED80EAB00FA0568 /* IQKeyboardManagerConstantsInternal.swift in Sources */,
				6DD463841ED8185C00192E0A /* BaseViewController.swift in Sources */,
				6D7108C51ED80EAB00FA0568 /* IQUIViewController+Additions.swift in Sources */,
				6DD4638F1ED81D8D00192E0A /* Tools.swift in Sources */,
				6D7108C61ED80EAB00FA0568 /* IQUIWindow+Hierarchy.swift in Sources */,
				6DD4638D1ED8197700192E0A /* Log.swift in Sources */,
				6D7108CC1ED80EAB00FA0568 /* IQBarButtonItem.swift in Sources */,
				6D7108CF1ED80EAB00FA0568 /* IQToolbar.swift in Sources */,
				6DD463891ED818AC00192E0A /* BaseNaivigationController.swift in Sources */,
				6D7108CA1ED80EAB00FA0568 /* IQKeyboardReturnKeyHandler.swift in Sources */,
				6D7108C91ED80EAB00FA0568 /* IQKeyboardManager.swift in Sources */,
				6DD463861ED8187500192E0A /* BaseUIView.swift in Sources */,
				6D7108CB1ED80EAB00FA0568 /* IQTextView.swift in Sources */,
				6DD463821ED8182C00192E0A /* BaseTableViewCell.swift in Sources */,
				6D7108C21ED80EAB00FA0568 /* IQUIScrollView+Additions.swift in Sources */,
				6D7108C31ED80EAB00FA0568 /* IQUITextFieldView+Additions.swift in Sources */,
				6D7108D01ED80EAB00FA0568 /* IQUIView+IQKeyboardToolbar.swift in Sources */,
				6D7108CE1ED80EAB00FA0568 /* IQTitleBarButtonItem.swift in Sources */,
			);
			runOnlyForDeploymentPostprocessing = 0;
		};
/* End PBXSourcesBuildPhase section */

/* Begin XCBuildConfiguration section */
		6D96C3A91ED8099C003CD4EB /* Debug */ = {
			isa = XCBuildConfiguration;
			buildSettings = {
				ALWAYS_SEARCH_USER_PATHS = NO;
				CLANG_ANALYZER_NONNULL = YES;
				CLANG_ANALYZER_NUMBER_OBJECT_CONVERSION = YES_AGGRESSIVE;
				CLANG_CXX_LANGUAGE_STANDARD = "gnu++0x";
				CLANG_CXX_LIBRARY = "libc++";
				CLANG_ENABLE_MODULES = YES;
				CLANG_ENABLE_OBJC_ARC = YES;
				CLANG_WARN_BOOL_CONVERSION = YES;
				CLANG_WARN_CONSTANT_CONVERSION = YES;
				CLANG_WARN_DIRECT_OBJC_ISA_USAGE = YES_ERROR;
				CLANG_WARN_DOCUMENTATION_COMMENTS = YES;
				CLANG_WARN_EMPTY_BODY = YES;
				CLANG_WARN_ENUM_CONVERSION = YES;
				CLANG_WARN_INFINITE_RECURSION = YES;
				CLANG_WARN_INT_CONVERSION = YES;
				CLANG_WARN_OBJC_ROOT_CLASS = YES_ERROR;
				CLANG_WARN_SUSPICIOUS_MOVE = YES;
				CLANG_WARN_UNREACHABLE_CODE = YES;
				CLANG_WARN__DUPLICATE_METHOD_MATCH = YES;
				"CODE_SIGN_IDENTITY[sdk=iphoneos*]" = "iPhone Developer";
				COPY_PHASE_STRIP = NO;
				CURRENT_PROJECT_VERSION = 1;
				DEBUG_INFORMATION_FORMAT = dwarf;
				ENABLE_STRICT_OBJC_MSGSEND = YES;
				ENABLE_TESTABILITY = YES;
				GCC_C_LANGUAGE_STANDARD = gnu99;
				GCC_DYNAMIC_NO_PIC = NO;
				GCC_NO_COMMON_BLOCKS = YES;
				GCC_OPTIMIZATION_LEVEL = 0;
				GCC_PREPROCESSOR_DEFINITIONS = (
					"DEBUG=1",
					"$(inherited)",
				);
				GCC_WARN_64_TO_32_BIT_CONVERSION = YES;
				GCC_WARN_ABOUT_RETURN_TYPE = YES_ERROR;
				GCC_WARN_UNDECLARED_SELECTOR = YES;
				GCC_WARN_UNINITIALIZED_AUTOS = YES_AGGRESSIVE;
				GCC_WARN_UNUSED_FUNCTION = YES;
				GCC_WARN_UNUSED_VARIABLE = YES;
				IPHONEOS_DEPLOYMENT_TARGET = 10.3;
				MTL_ENABLE_DEBUG_INFO = YES;
				ONLY_ACTIVE_ARCH = YES;
				SDKROOT = iphoneos;
				SWIFT_ACTIVE_COMPILATION_CONDITIONS = DEBUG;
				SWIFT_OPTIMIZATION_LEVEL = "-Onone";
				TARGETED_DEVICE_FAMILY = "1,2";
				VERSIONING_SYSTEM = "apple-generic";
				VERSION_INFO_PREFIX = "";
			};
			name = Debug;
		};
		6D96C3AA1ED8099C003CD4EB /* Release */ = {
			isa = XCBuildConfiguration;
			buildSettings = {
				ALWAYS_SEARCH_USER_PATHS = NO;
				CLANG_ANALYZER_NONNULL = YES;
				CLANG_ANALYZER_NUMBER_OBJECT_CONVERSION = YES_AGGRESSIVE;
				CLANG_CXX_LANGUAGE_STANDARD = "gnu++0x";
				CLANG_CXX_LIBRARY = "libc++";
				CLANG_ENABLE_MODULES = YES;
				CLANG_ENABLE_OBJC_ARC = YES;
				CLANG_WARN_BOOL_CONVERSION = YES;
				CLANG_WARN_CONSTANT_CONVERSION = YES;
				CLANG_WARN_DIRECT_OBJC_ISA_USAGE = YES_ERROR;
				CLANG_WARN_DOCUMENTATION_COMMENTS = YES;
				CLANG_WARN_EMPTY_BODY = YES;
				CLANG_WARN_ENUM_CONVERSION = YES;
				CLANG_WARN_INFINITE_RECURSION = YES;
				CLANG_WARN_INT_CONVERSION = YES;
				CLANG_WARN_OBJC_ROOT_CLASS = YES_ERROR;
				CLANG_WARN_SUSPICIOUS_MOVE = YES;
				CLANG_WARN_UNREACHABLE_CODE = YES;
				CLANG_WARN__DUPLICATE_METHOD_MATCH = YES;
				"CODE_SIGN_IDENTITY[sdk=iphoneos*]" = "iPhone Developer";
				COPY_PHASE_STRIP = NO;
				CURRENT_PROJECT_VERSION = 1;
				DEBUG_INFORMATION_FORMAT = "dwarf-with-dsym";
				ENABLE_NS_ASSERTIONS = NO;
				ENABLE_STRICT_OBJC_MSGSEND = YES;
				GCC_C_LANGUAGE_STANDARD = gnu99;
				GCC_NO_COMMON_BLOCKS = YES;
				GCC_WARN_64_TO_32_BIT_CONVERSION = YES;
				GCC_WARN_ABOUT_RETURN_TYPE = YES_ERROR;
				GCC_WARN_UNDECLARED_SELECTOR = YES;
				GCC_WARN_UNINITIALIZED_AUTOS = YES_AGGRESSIVE;
				GCC_WARN_UNUSED_FUNCTION = YES;
				GCC_WARN_UNUSED_VARIABLE = YES;
				IPHONEOS_DEPLOYMENT_TARGET = 10.3;
				MTL_ENABLE_DEBUG_INFO = NO;
				SDKROOT = iphoneos;
				SWIFT_OPTIMIZATION_LEVEL = "-Owholemodule";
				TARGETED_DEVICE_FAMILY = "1,2";
				VALIDATE_PRODUCT = YES;
				VERSIONING_SYSTEM = "apple-generic";
				VERSION_INFO_PREFIX = "";
			};
			name = Release;
		};
		6D96C3AC1ED8099C003CD4EB /* Debug */ = {
			isa = XCBuildConfiguration;
			buildSettings = {
				CLANG_ALLOW_NON_MODULAR_INCLUDES_IN_FRAMEWORK_MODULES = NO;
				CLANG_ENABLE_MODULES = YES;
				CODE_SIGN_IDENTITY = "";
				"CODE_SIGN_IDENTITY[sdk=iphoneos*]" = "iPhone Developer";
				DEFINES_MODULE = YES;
				DEVELOPMENT_TEAM = "";
				DYLIB_COMPATIBILITY_VERSION = 1;
				DYLIB_CURRENT_VERSION = 1;
				DYLIB_INSTALL_NAME_BASE = "@rpath";
				FRAMEWORK_SEARCH_PATHS = (
					"$(inherited)",
					"$(PROJECT_DIR)",
				);
				INFOPLIST_FILE = JKUnit/Info.plist;
				INSTALL_PATH = "$(LOCAL_LIBRARY_DIR)/Frameworks";
				IPHONEOS_DEPLOYMENT_TARGET = 8.0;
				LD_RUNPATH_SEARCH_PATHS = "$(inherited) @executable_path/Frameworks @loader_path/Frameworks";
				PRODUCT_BUNDLE_IDENTIFIER = com.jackyshan.JKUnit;
				PRODUCT_NAME = "$(TARGET_NAME)";
				PROVISIONING_PROFILE_SPECIFIER = "";
				SKIP_INSTALL = YES;
				SWIFT_OPTIMIZATION_LEVEL = "-Onone";
				SWIFT_VERSION = 3.0;
			};
			name = Debug;
		};
		6D96C3AD1ED8099C003CD4EB /* Release */ = {
			isa = XCBuildConfiguration;
			buildSettings = {
				CLANG_ALLOW_NON_MODULAR_INCLUDES_IN_FRAMEWORK_MODULES = NO;
				CLANG_ENABLE_MODULES = YES;
				CODE_SIGN_IDENTITY = "";
				"CODE_SIGN_IDENTITY[sdk=iphoneos*]" = "iPhone Developer";
				DEFINES_MODULE = YES;
				DEVELOPMENT_TEAM = "";
				DYLIB_COMPATIBILITY_VERSION = 1;
				DYLIB_CURRENT_VERSION = 1;
				DYLIB_INSTALL_NAME_BASE = "@rpath";
				FRAMEWORK_SEARCH_PATHS = (
					"$(inherited)",
					"$(PROJECT_DIR)",
				);
				INFOPLIST_FILE = JKUnit/Info.plist;
				INSTALL_PATH = "$(LOCAL_LIBRARY_DIR)/Frameworks";
				IPHONEOS_DEPLOYMENT_TARGET = 8.0;
				LD_RUNPATH_SEARCH_PATHS = "$(inherited) @executable_path/Frameworks @loader_path/Frameworks";
				PRODUCT_BUNDLE_IDENTIFIER = com.jackyshan.JKUnit;
				PRODUCT_NAME = "$(TARGET_NAME)";
				PROVISIONING_PROFILE_SPECIFIER = "";
				SKIP_INSTALL = YES;
				SWIFT_VERSION = 3.0;
			};
			name = Release;
		};
/* End XCBuildConfiguration section */

/* Begin XCConfigurationList section */
		6D96C39D1ED8099C003CD4EB /* Build configuration list for PBXProject "JKUnit" */ = {
			isa = XCConfigurationList;
			buildConfigurations = (
				6D96C3A91ED8099C003CD4EB /* Debug */,
				6D96C3AA1ED8099C003CD4EB /* Release */,
			);
			defaultConfigurationIsVisible = 0;
			defaultConfigurationName = Release;
		};
		6D96C3AB1ED8099C003CD4EB /* Build configuration list for PBXNativeTarget "JKUnit" */ = {
			isa = XCConfigurationList;
			buildConfigurations = (
				6D96C3AC1ED8099C003CD4EB /* Debug */,
				6D96C3AD1ED8099C003CD4EB /* Release */,
			);
			defaultConfigurationIsVisible = 0;
			defaultConfigurationName = Release;
		};
/* End XCConfigurationList section */
	};
	rootObject = 6D96C39A1ED8099C003CD4EB /* Project object */;
}
